
Microsoft Visual Studio Solution File, Format Version 12.00
# Visual Studio Version 17
VisualStudioVersion = 17.11.35327.3
MinimumVisualStudioVersion = 10.0.40219.1
Project("{FAE04EC0-301F-11D3-BF4B-00C04F79EFBC}") = "OsmToolkitTests", "OsmToolkitTests\OsmToolkitTests.csproj", "{3AEE3C07-830F-4F1E-AAB1-9A9529A45952}"
EndProject
Project("{FAE04EC0-301F-11D3-BF4B-00C04F79EFBC}") = "OsmToolkit", "OsmToolkit\OsmToolkit.csproj", "{E5993A19-2B93-3D1F-A7B5-5C59E57E167C}"
EndProject
Global
	GlobalSection(SolutionConfigurationPlatforms) = preSolution
		Debug|Any CPU = Debug|Any CPU
		Release|Any CPU = Release|Any CPU
	EndGlobalSection
	GlobalSection(ProjectConfigurationPlatforms) = postSolution
		{3AEE3C07-830F-4F1E-AAB1-9A9529A45952}.Debug|Any CPU.ActiveCfg = Debug|Any CPU
		{3AEE3C07-830F-4F1E-AAB1-9A9529A45952}.Debug|Any CPU.Build.0 = Debug|Any CPU
		{3AEE3C07-830F-4F1E-AAB1-9A9529A45952}.Release|Any CPU.ActiveCfg = Release|Any CPU
		{3AEE3C07-830F-4F1E-AAB1-9A9529A45952}.Release|Any CPU.Build.0 = Release|Any CPU
		{E5993A19-2B93-3D1F-A7B5-5C59E57E167C}.Debug|Any CPU.ActiveCfg = Release|Any CPU
		{E5993A19-2B93-3D1F-A7B5-5C59E57E167C}.Debug|Any CPU.Build.0 = Release|Any CPU
		{E5993A19-2B93-3D1F-A7B5-5C59E57E167C}.Release|Any CPU.ActiveCfg = Release|Any CPU
		{E5993A19-2B93-3D1F-A7B5-5C59E57E167C}.Release|Any CPU.Build.0 = Release|Any CPU
	EndGlobalSection
	GlobalSection(SolutionProperties) = preSolution
		HideSolutionNode = FALSE
	EndGlobalSection
	GlobalSection(ExtensibilityGlobals) = postSolution
		SolutionGuid = {DCEA203D-FC24-4E8C-9569-532C0EF7C37C}
	EndGlobalSection
EndGlobal
